
Microsoft Visual Studio Solution File, Format Version 12.00
# Visual Studio Version 17
VisualStudioVersion = 17.0.31903.59
MinimumVisualStudioVersion = 10.0.40219.1
Project("{2150E333-8FDC-42A3-9474-1A3956D46DE8}") = "src", "src", "{70713093-2660-4E31-B4ED-6B820CC98CEA}"
EndProject
Project("{FAE04EC0-301F-11D3-BF4B-00C04F79EFBC}") = "Swlang.Interpreter", "src\Swlang.Interpreter\Swlang.Interpreter.csproj", "{47D83F68-800D-4C1B-8968-B7ABBF409EA1}"
EndProject
Project("{FAE04EC0-301F-11D3-BF4B-00C04F79EFBC}") = "Swlang.Interpreter.Tests", "src\Swlang.Interpreter.Tests\Swlang.Interpreter.Tests.csproj", "{4296CB82-AE29-4082-81F6-F8BF44A184B8}"
EndProject
Global
	GlobalSection(SolutionConfigurationPlatforms) = preSolution
		Debug|Any CPU = Debug|Any CPU
		Release|Any CPU = Release|Any CPU
	EndGlobalSection
	GlobalSection(SolutionProperties) = preSolution
		HideSolutionNode = FALSE
	EndGlobalSection
	GlobalSection(ProjectConfigurationPlatforms) = postSolution
		{47D83F68-800D-4C1B-8968-B7ABBF409EA1}.Debug|Any CPU.ActiveCfg = Debug|Any CPU
		{47D83F68-800D-4C1B-8968-B7ABBF409EA1}.Debug|Any CPU.Build.0 = Debug|Any CPU
		{47D83F68-800D-4C1B-8968-B7ABBF409EA1}.Release|Any CPU.ActiveCfg = Release|Any CPU
		{47D83F68-800D-4C1B-8968-B7ABBF409EA1}.Release|Any CPU.Build.0 = Release|Any CPU
		{4296CB82-AE29-4082-81F6-F8BF44A184B8}.Debug|Any CPU.ActiveCfg = Debug|Any CPU
		{4296CB82-AE29-4082-81F6-F8BF44A184B8}.Debug|Any CPU.Build.0 = Debug|Any CPU
		{4296CB82-AE29-4082-81F6-F8BF44A184B8}.Release|Any CPU.ActiveCfg = Release|Any CPU
		{4296CB82-AE29-4082-81F6-F8BF44A184B8}.Release|Any CPU.Build.0 = Release|Any CPU
	EndGlobalSection
	GlobalSection(NestedProjects) = preSolution
		{47D83F68-800D-4C1B-8968-B7ABBF409EA1} = {70713093-2660-4E31-B4ED-6B820CC98CEA}
		{4296CB82-AE29-4082-81F6-F8BF44A184B8} = {70713093-2660-4E31-B4ED-6B820CC98CEA}
	EndGlobalSection
EndGlobal
